
Microsoft Visual Studio Solution File, Format Version 12.00
# Visual Studio Version 17
VisualStudioVersion = 17.0.31903.59
MinimumVisualStudioVersion = 10.0.40219.1
Project("{2150E333-8FDC-42A3-9474-1A3956D46DE8}") = "src", "src", "{827E0CD3-B72D-47B6-A68D-7590B98EB39B}"
	ProjectSection(SolutionItems) = preProject
		src\test-api.http = src\test-api.http
	EndProjectSection
EndProject
Project("{2150E333-8FDC-42A3-9474-1A3956D46DE8}") = "UserService.UserService.Domain", "UserService.UserService.Domain", "{BEDC0964-AA5F-AF8C-BF71-C117770E381B}"
EndProject
Project("{FAE04EC0-301F-11D3-BF4B-00C04F79EFBC}") = "UserService.Domain", "src\UserService.UserService.Domain\UserService.Domain.csproj", "{C59E4889-18D5-48A5-8C24-12C8AF2FC6C1}"
EndProject
Project("{2150E333-8FDC-42A3-9474-1A3956D46DE8}") = "UserService.UserService.Application", "UserService.UserService.Application", "{C909823A-A827-2F53-8B86-CD5FE6001A57}"
EndProject
Project("{FAE04EC0-301F-11D3-BF4B-00C04F79EFBC}") = "UserService.Application", "src\UserService.UserService.Application\UserService.Application.csproj", "{24D6567D-2AEC-4FE1-9CC5-C2140B49884A}"
EndProject
Project("{2150E333-8FDC-42A3-9474-1A3956D46DE8}") = "UserService.UserService.Infrastructure", "UserService.UserService.Infrastructure", "{2EC0B7CE-9D15-C35F-6B34-D09C264BC127}"
EndProject
Project("{FAE04EC0-301F-11D3-BF4B-00C04F79EFBC}") = "UserService.Infrastructure", "src\UserService.UserService.Infrastructure\UserService.Infrastructure.csproj", "{A4A01C7C-A256-47D0-B2C9-B77872465B27}"
EndProject
Project("{2150E333-8FDC-42A3-9474-1A3956D46DE8}") = "UserService.UserService.Api", "UserService.UserService.Api", "{AFC3BA92-5528-7DF7-4605-4C6170C83DF7}"
EndProject
Project("{FAE04EC0-301F-11D3-BF4B-00C04F79EFBC}") = "UserService.Api", "src\UserService.UserService.Api\UserService.Api.csproj", "{59CCA6E1-856F-41B4-ABC7-0780D6701C59}"
EndProject
Project("{2150E333-8FDC-42A3-9474-1A3956D46DE8}") = "FinanceService.FinanceService.Domain", "FinanceService.FinanceService.Domain", "{3D1E1857-BA09-5FB8-8EB0-71E379B06884}"
EndProject
Project("{FAE04EC0-301F-11D3-BF4B-00C04F79EFBC}") = "FinanceService.Domain", "src\FinanceService.FinanceService.Domain\FinanceService.Domain.csproj", "{0D57D41A-2ECC-43CB-87FD-39AE368D4C82}"
EndProject
Project("{2150E333-8FDC-42A3-9474-1A3956D46DE8}") = "FinanceService.FinanceService.Application", "FinanceService.FinanceService.Application", "{3F9A4516-7DD7-D9DA-AC1B-A480B84B574B}"
EndProject
Project("{FAE04EC0-301F-11D3-BF4B-00C04F79EFBC}") = "FinanceService.Application", "src\FinanceService.FinanceService.Application\FinanceService.Application.csproj", "{57D6C129-489C-4EFF-9EED-707A6392AB3E}"
EndProject
Project("{2150E333-8FDC-42A3-9474-1A3956D46DE8}") = "FinanceService.FinanceService.Infrastructure", "FinanceService.FinanceService.Infrastructure", "{855BC9F6-E30B-1DF2-9E4D-F2FE09DE9401}"
EndProject
Project("{FAE04EC0-301F-11D3-BF4B-00C04F79EFBC}") = "FinanceService.Infrastructure", "src\FinanceService.FinanceService.Infrastructure\FinanceService.Infrastructure.csproj", "{B77DD7BF-C374-4994-B8AB-352D043BB619}"
EndProject
Project("{FAE04EC0-301F-11D3-BF4B-00C04F79EFBC}") = "ApiGateway", "src\ApiGateway\ApiGateway.csproj", "{F08D5921-FC0B-4B74-B81F-E105B3A2C8B5}"
EndProject
Project("{2150E333-8FDC-42A3-9474-1A3956D46DE8}") = "FinanceService.FinanceService.Api", "FinanceService.FinanceService.Api", "{7DAFD980-AF24-36D6-5752-147B099F88DA}"
EndProject
Project("{FAE04EC0-301F-11D3-BF4B-00C04F79EFBC}") = "FinanceService.Api", "src\FinanceService.FinanceService.Api\FinanceService.Api.csproj", "{D9571F51-8A5F-4365-99DC-2F3C492F50FC}"
EndProject
Project("{2150E333-8FDC-42A3-9474-1A3956D46DE8}") = "tests", "tests", "{0AB3BF05-4346-4AA6-1389-037BE0695223}"
EndProject
Project("{FAE04EC0-301F-11D3-BF4B-00C04F79EFBC}") = "UserService.Tests", "tests\UserService.Tests\UserService.Tests.csproj", "{1C476067-9195-457C-B374-AB6575C6128F}"
EndProject
Project("{FAE04EC0-301F-11D3-BF4B-00C04F79EFBC}") = "FinanceService.Tests", "tests\FinanceService.Tests\FinanceService.Tests.csproj", "{2DE8B07C-DF3C-4361-910F-450E1678DA74}"
EndProject
Project("{FAE04EC0-301F-11D3-BF4B-00C04F79EFBC}") = "CurrencyScraper", "src\CurrencyScraper\CurrencyScraper.csproj", "{F0A51983-D276-4C3A-A207-C28D86A0DABC}"
EndProject
Project("{2150E333-8FDC-42A3-9474-1A3956D46DE8}") = "Solution Items", "Solution Items", "{48891E8A-9B08-465A-A7E9-CF91A30E13A6}"
	ProjectSection(SolutionItems) = preProject
		compose.yaml = compose.yaml
	EndProjectSection
EndProject
Global
	GlobalSection(SolutionConfigurationPlatforms) = preSolution
		Debug|Any CPU = Debug|Any CPU
		Debug|x64 = Debug|x64
		Debug|x86 = Debug|x86
		Release|Any CPU = Release|Any CPU
		Release|x64 = Release|x64
		Release|x86 = Release|x86
	EndGlobalSection
	GlobalSection(ProjectConfigurationPlatforms) = postSolution
		{C59E4889-18D5-48A5-8C24-12C8AF2FC6C1}.Debug|Any CPU.ActiveCfg = Debug|Any CPU
		{C59E4889-18D5-48A5-8C24-12C8AF2FC6C1}.Debug|Any CPU.Build.0 = Debug|Any CPU
		{C59E4889-18D5-48A5-8C24-12C8AF2FC6C1}.Debug|x64.ActiveCfg = Debug|Any CPU
		{C59E4889-18D5-48A5-8C24-12C8AF2FC6C1}.Debug|x64.Build.0 = Debug|Any CPU
		{C59E4889-18D5-48A5-8C24-12C8AF2FC6C1}.Debug|x86.ActiveCfg = Debug|Any CPU
		{C59E4889-18D5-48A5-8C24-12C8AF2FC6C1}.Debug|x86.Build.0 = Debug|Any CPU
		{C59E4889-18D5-48A5-8C24-12C8AF2FC6C1}.Release|Any CPU.ActiveCfg = Release|Any CPU
		{C59E4889-18D5-48A5-8C24-12C8AF2FC6C1}.Release|Any CPU.Build.0 = Release|Any CPU
		{C59E4889-18D5-48A5-8C24-12C8AF2FC6C1}.Release|x64.ActiveCfg = Release|Any CPU
		{C59E4889-18D5-48A5-8C24-12C8AF2FC6C1}.Release|x64.Build.0 = Release|Any CPU
		{C59E4889-18D5-48A5-8C24-12C8AF2FC6C1}.Release|x86.ActiveCfg = Release|Any CPU
		{C59E4889-18D5-48A5-8C24-12C8AF2FC6C1}.Release|x86.Build.0 = Release|Any CPU
		{24D6567D-2AEC-4FE1-9CC5-C2140B49884A}.Debug|Any CPU.ActiveCfg = Debug|Any CPU
		{24D6567D-2AEC-4FE1-9CC5-C2140B49884A}.Debug|Any CPU.Build.0 = Debug|Any CPU
		{24D6567D-2AEC-4FE1-9CC5-C2140B49884A}.Debug|x64.ActiveCfg = Debug|Any CPU
		{24D6567D-2AEC-4FE1-9CC5-C2140B49884A}.Debug|x64.Build.0 = Debug|Any CPU
		{24D6567D-2AEC-4FE1-9CC5-C2140B49884A}.Debug|x86.ActiveCfg = Debug|Any CPU
		{24D6567D-2AEC-4FE1-9CC5-C2140B49884A}.Debug|x86.Build.0 = Debug|Any CPU
		{24D6567D-2AEC-4FE1-9CC5-C2140B49884A}.Release|Any CPU.ActiveCfg = Release|Any CPU
		{24D6567D-2AEC-4FE1-9CC5-C2140B49884A}.Release|Any CPU.Build.0 = Release|Any CPU
		{24D6567D-2AEC-4FE1-9CC5-C2140B49884A}.Release|x64.ActiveCfg = Release|Any CPU
		{24D6567D-2AEC-4FE1-9CC5-C2140B49884A}.Release|x64.Build.0 = Release|Any CPU
		{24D6567D-2AEC-4FE1-9CC5-C2140B49884A}.Release|x86.ActiveCfg = Release|Any CPU
		{24D6567D-2AEC-4FE1-9CC5-C2140B49884A}.Release|x86.Build.0 = Release|Any CPU
		{A4A01C7C-A256-47D0-B2C9-B77872465B27}.Debug|Any CPU.ActiveCfg = Debug|Any CPU
		{A4A01C7C-A256-47D0-B2C9-B77872465B27}.Debug|Any CPU.Build.0 = Debug|Any CPU
		{A4A01C7C-A256-47D0-B2C9-B77872465B27}.Debug|x64.ActiveCfg = Debug|Any CPU
		{A4A01C7C-A256-47D0-B2C9-B77872465B27}.Debug|x64.Build.0 = Debug|Any CPU
		{A4A01C7C-A256-47D0-B2C9-B77872465B27}.Debug|x86.ActiveCfg = Debug|Any CPU
		{A4A01C7C-A256-47D0-B2C9-B77872465B27}.Debug|x86.Build.0 = Debug|Any CPU
		{A4A01C7C-A256-47D0-B2C9-B77872465B27}.Release|Any CPU.ActiveCfg = Release|Any CPU
		{A4A01C7C-A256-47D0-B2C9-B77872465B27}.Release|Any CPU.Build.0 = Release|Any CPU
		{A4A01C7C-A256-47D0-B2C9-B77872465B27}.Release|x64.ActiveCfg = Release|Any CPU
		{A4A01C7C-A256-47D0-B2C9-B77872465B27}.Release|x64.Build.0 = Release|Any CPU
		{A4A01C7C-A256-47D0-B2C9-B77872465B27}.Release|x86.ActiveCfg = Release|Any CPU
		{A4A01C7C-A256-47D0-B2C9-B77872465B27}.Release|x86.Build.0 = Release|Any CPU
		{59CCA6E1-856F-41B4-ABC7-0780D6701C59}.Debug|Any CPU.ActiveCfg = Debug|Any CPU
		{59CCA6E1-856F-41B4-ABC7-0780D6701C59}.Debug|Any CPU.Build.0 = Debug|Any CPU
		{59CCA6E1-856F-41B4-ABC7-0780D6701C59}.Debug|x64.ActiveCfg = Debug|Any CPU
		{59CCA6E1-856F-41B4-ABC7-0780D6701C59}.Debug|x64.Build.0 = Debug|Any CPU
		{59CCA6E1-856F-41B4-ABC7-0780D6701C59}.Debug|x86.ActiveCfg = Debug|Any CPU
		{59CCA6E1-856F-41B4-ABC7-0780D6701C59}.Debug|x86.Build.0 = Debug|Any CPU
		{59CCA6E1-856F-41B4-ABC7-0780D6701C59}.Release|Any CPU.ActiveCfg = Release|Any CPU
		{59CCA6E1-856F-41B4-ABC7-0780D6701C59}.Release|Any CPU.Build.0 = Release|Any CPU
		{59CCA6E1-856F-41B4-ABC7-0780D6701C59}.Release|x64.ActiveCfg = Release|Any CPU
		{59CCA6E1-856F-41B4-ABC7-0780D6701C59}.Release|x64.Build.0 = Release|Any CPU
		{59CCA6E1-856F-41B4-ABC7-0780D6701C59}.Release|x86.ActiveCfg = Release|Any CPU
		{59CCA6E1-856F-41B4-ABC7-0780D6701C59}.Release|x86.Build.0 = Release|Any CPU
		{0D57D41A-2ECC-43CB-87FD-39AE368D4C82}.Debug|Any CPU.ActiveCfg = Debug|Any CPU
		{0D57D41A-2ECC-43CB-87FD-39AE368D4C82}.Debug|Any CPU.Build.0 = Debug|Any CPU
		{0D57D41A-2ECC-43CB-87FD-39AE368D4C82}.Debug|x64.ActiveCfg = Debug|Any CPU
		{0D57D41A-2ECC-43CB-87FD-39AE368D4C82}.Debug|x64.Build.0 = Debug|Any CPU
		{0D57D41A-2ECC-43CB-87FD-39AE368D4C82}.Debug|x86.ActiveCfg = Debug|Any CPU
		{0D57D41A-2ECC-43CB-87FD-39AE368D4C82}.Debug|x86.Build.0 = Debug|Any CPU
		{0D57D41A-2ECC-43CB-87FD-39AE368D4C82}.Release|Any CPU.ActiveCfg = Release|Any CPU
		{0D57D41A-2ECC-43CB-87FD-39AE368D4C82}.Release|Any CPU.Build.0 = Release|Any CPU
		{0D57D41A-2ECC-43CB-87FD-39AE368D4C82}.Release|x64.ActiveCfg = Release|Any CPU
		{0D57D41A-2ECC-43CB-87FD-39AE368D4C82}.Release|x64.Build.0 = Release|Any CPU
		{0D57D41A-2ECC-43CB-87FD-39AE368D4C82}.Release|x86.ActiveCfg = Release|Any CPU
		{0D57D41A-2ECC-43CB-87FD-39AE368D4C82}.Release|x86.Build.0 = Release|Any CPU
		{57D6C129-489C-4EFF-9EED-707A6392AB3E}.Debug|Any CPU.ActiveCfg = Debug|Any CPU
		{57D6C129-489C-4EFF-9EED-707A6392AB3E}.Debug|Any CPU.Build.0 = Debug|Any CPU
		{57D6C129-489C-4EFF-9EED-707A6392AB3E}.Debug|x64.ActiveCfg = Debug|Any CPU
		{57D6C129-489C-4EFF-9EED-707A6392AB3E}.Debug|x64.Build.0 = Debug|Any CPU
		{57D6C129-489C-4EFF-9EED-707A6392AB3E}.Debug|x86.ActiveCfg = Debug|Any CPU
		{57D6C129-489C-4EFF-9EED-707A6392AB3E}.Debug|x86.Build.0 = Debug|Any CPU
		{57D6C129-489C-4EFF-9EED-707A6392AB3E}.Release|Any CPU.ActiveCfg = Release|Any CPU
		{57D6C129-489C-4EFF-9EED-707A6392AB3E}.Release|Any CPU.Build.0 = Release|Any CPU
		{57D6C129-489C-4EFF-9EED-707A6392AB3E}.Release|x64.ActiveCfg = Release|Any CPU
		{57D6C129-489C-4EFF-9EED-707A6392AB3E}.Release|x64.Build.0 = Release|Any CPU
		{57D6C129-489C-4EFF-9EED-707A6392AB3E}.Release|x86.ActiveCfg = Release|Any CPU
		{57D6C129-489C-4EFF-9EED-707A6392AB3E}.Release|x86.Build.0 = Release|Any CPU
		{B77DD7BF-C374-4994-B8AB-352D043BB619}.Debug|Any CPU.ActiveCfg = Debug|Any CPU
		{B77DD7BF-C374-4994-B8AB-352D043BB619}.Debug|Any CPU.Build.0 = Debug|Any CPU
		{B77DD7BF-C374-4994-B8AB-352D043BB619}.Debug|x64.ActiveCfg = Debug|Any CPU
		{B77DD7BF-C374-4994-B8AB-352D043BB619}.Debug|x64.Build.0 = Debug|Any CPU
		{B77DD7BF-C374-4994-B8AB-352D043BB619}.Debug|x86.ActiveCfg = Debug|Any CPU
		{B77DD7BF-C374-4994-B8AB-352D043BB619}.Debug|x86.Build.0 = Debug|Any CPU
		{B77DD7BF-C374-4994-B8AB-352D043BB619}.Release|Any CPU.ActiveCfg = Release|Any CPU
		{B77DD7BF-C374-4994-B8AB-352D043BB619}.Release|Any CPU.Build.0 = Release|Any CPU
		{B77DD7BF-C374-4994-B8AB-352D043BB619}.Release|x64.ActiveCfg = Release|Any CPU
		{B77DD7BF-C374-4994-B8AB-352D043BB619}.Release|x64.Build.0 = Release|Any CPU
		{B77DD7BF-C374-4994-B8AB-352D043BB619}.Release|x86.ActiveCfg = Release|Any CPU
		{B77DD7BF-C374-4994-B8AB-352D043BB619}.Release|x86.Build.0 = Release|Any CPU
		{F08D5921-FC0B-4B74-B81F-E105B3A2C8B5}.Debug|Any CPU.ActiveCfg = Debug|Any CPU
		{F08D5921-FC0B-4B74-B81F-E105B3A2C8B5}.Debug|Any CPU.Build.0 = Debug|Any CPU
		{F08D5921-FC0B-4B74-B81F-E105B3A2C8B5}.Debug|x64.ActiveCfg = Debug|Any CPU
		{F08D5921-FC0B-4B74-B81F-E105B3A2C8B5}.Debug|x64.Build.0 = Debug|Any CPU
		{F08D5921-FC0B-4B74-B81F-E105B3A2C8B5}.Debug|x86.ActiveCfg = Debug|Any CPU
		{F08D5921-FC0B-4B74-B81F-E105B3A2C8B5}.Debug|x86.Build.0 = Debug|Any CPU
		{F08D5921-FC0B-4B74-B81F-E105B3A2C8B5}.Release|Any CPU.ActiveCfg = Release|Any CPU
		{F08D5921-FC0B-4B74-B81F-E105B3A2C8B5}.Release|Any CPU.Build.0 = Release|Any CPU
		{F08D5921-FC0B-4B74-B81F-E105B3A2C8B5}.Release|x64.ActiveCfg = Release|Any CPU
		{F08D5921-FC0B-4B74-B81F-E105B3A2C8B5}.Release|x64.Build.0 = Release|Any CPU
		{F08D5921-FC0B-4B74-B81F-E105B3A2C8B5}.Release|x86.ActiveCfg = Release|Any CPU
		{F08D5921-FC0B-4B74-B81F-E105B3A2C8B5}.Release|x86.Build.0 = Release|Any CPU
		{D9571F51-8A5F-4365-99DC-2F3C492F50FC}.Debug|Any CPU.ActiveCfg = Debug|Any CPU
		{D9571F51-8A5F-4365-99DC-2F3C492F50FC}.Debug|Any CPU.Build.0 = Debug|Any CPU
		{D9571F51-8A5F-4365-99DC-2F3C492F50FC}.Debug|x64.ActiveCfg = Debug|Any CPU
		{D9571F51-8A5F-4365-99DC-2F3C492F50FC}.Debug|x64.Build.0 = Debug|Any CPU
		{D9571F51-8A5F-4365-99DC-2F3C492F50FC}.Debug|x86.ActiveCfg = Debug|Any CPU
		{D9571F51-8A5F-4365-99DC-2F3C492F50FC}.Debug|x86.Build.0 = Debug|Any CPU
		{D9571F51-8A5F-4365-99DC-2F3C492F50FC}.Release|Any CPU.ActiveCfg = Release|Any CPU
		{D9571F51-8A5F-4365-99DC-2F3C492F50FC}.Release|Any CPU.Build.0 = Release|Any CPU
		{D9571F51-8A5F-4365-99DC-2F3C492F50FC}.Release|x64.ActiveCfg = Release|Any CPU
		{D9571F51-8A5F-4365-99DC-2F3C492F50FC}.Release|x64.Build.0 = Release|Any CPU
		{D9571F51-8A5F-4365-99DC-2F3C492F50FC}.Release|x86.ActiveCfg = Release|Any CPU
		{D9571F51-8A5F-4365-99DC-2F3C492F50FC}.Release|x86.Build.0 = Release|Any CPU
		{1C476067-9195-457C-B374-AB6575C6128F}.Debug|Any CPU.ActiveCfg = Debug|Any CPU
		{1C476067-9195-457C-B374-AB6575C6128F}.Debug|Any CPU.Build.0 = Debug|Any CPU
		{1C476067-9195-457C-B374-AB6575C6128F}.Debug|x64.ActiveCfg = Debug|Any CPU
		{1C476067-9195-457C-B374-AB6575C6128F}.Debug|x64.Build.0 = Debug|Any CPU
		{1C476067-9195-457C-B374-AB6575C6128F}.Debug|x86.ActiveCfg = Debug|Any CPU
		{1C476067-9195-457C-B374-AB6575C6128F}.Debug|x86.Build.0 = Debug|Any CPU
		{1C476067-9195-457C-B374-AB6575C6128F}.Release|Any CPU.ActiveCfg = Release|Any CPU
		{1C476067-9195-457C-B374-AB6575C6128F}.Release|Any CPU.Build.0 = Release|Any CPU
		{1C476067-9195-457C-B374-AB6575C6128F}.Release|x64.ActiveCfg = Release|Any CPU
		{1C476067-9195-457C-B374-AB6575C6128F}.Release|x64.Build.0 = Release|Any CPU
		{1C476067-9195-457C-B374-AB6575C6128F}.Release|x86.ActiveCfg = Release|Any CPU
		{1C476067-9195-457C-B374-AB6575C6128F}.Release|x86.Build.0 = Release|Any CPU
		{2DE8B07C-DF3C-4361-910F-450E1678DA74}.Debug|Any CPU.ActiveCfg = Debug|Any CPU
		{2DE8B07C-DF3C-4361-910F-450E1678DA74}.Debug|Any CPU.Build.0 = Debug|Any CPU
		{2DE8B07C-DF3C-4361-910F-450E1678DA74}.Debug|x64.ActiveCfg = Debug|Any CPU
		{2DE8B07C-DF3C-4361-910F-450E1678DA74}.Debug|x64.Build.0 = Debug|Any CPU
		{2DE8B07C-DF3C-4361-910F-450E1678DA74}.Debug|x86.ActiveCfg = Debug|Any CPU
		{2DE8B07C-DF3C-4361-910F-450E1678DA74}.Debug|x86.Build.0 = Debug|Any CPU
		{2DE8B07C-DF3C-4361-910F-450E1678DA74}.Release|Any CPU.ActiveCfg = Release|Any CPU
		{2DE8B07C-DF3C-4361-910F-450E1678DA74}.Release|Any CPU.Build.0 = Release|Any CPU
		{2DE8B07C-DF3C-4361-910F-450E1678DA74}.Release|x64.ActiveCfg = Release|Any CPU
		{2DE8B07C-DF3C-4361-910F-450E1678DA74}.Release|x64.Build.0 = Release|Any CPU
		{2DE8B07C-DF3C-4361-910F-450E1678DA74}.Release|x86.ActiveCfg = Release|Any CPU
		{2DE8B07C-DF3C-4361-910F-450E1678DA74}.Release|x86.Build.0 = Release|Any CPU
		{F0A51983-D276-4C3A-A207-C28D86A0DABC}.Debug|Any CPU.ActiveCfg = Debug|Any CPU
		{F0A51983-D276-4C3A-A207-C28D86A0DABC}.Debug|Any CPU.Build.0 = Debug|Any CPU
		{F0A51983-D276-4C3A-A207-C28D86A0DABC}.Debug|x64.ActiveCfg = Debug|Any CPU
		{F0A51983-D276-4C3A-A207-C28D86A0DABC}.Debug|x64.Build.0 = Debug|Any CPU
		{F0A51983-D276-4C3A-A207-C28D86A0DABC}.Debug|x86.ActiveCfg = Debug|Any CPU
		{F0A51983-D276-4C3A-A207-C28D86A0DABC}.Debug|x86.Build.0 = Debug|Any CPU
		{F0A51983-D276-4C3A-A207-C28D86A0DABC}.Release|Any CPU.ActiveCfg = Release|Any CPU
		{F0A51983-D276-4C3A-A207-C28D86A0DABC}.Release|Any CPU.Build.0 = Release|Any CPU
		{F0A51983-D276-4C3A-A207-C28D86A0DABC}.Release|x64.ActiveCfg = Release|Any CPU
		{F0A51983-D276-4C3A-A207-C28D86A0DABC}.Release|x64.Build.0 = Release|Any CPU
		{F0A51983-D276-4C3A-A207-C28D86A0DABC}.Release|x86.ActiveCfg = Release|Any CPU
		{F0A51983-D276-4C3A-A207-C28D86A0DABC}.Release|x86.Build.0 = Release|Any CPU
	EndGlobalSection
	GlobalSection(SolutionProperties) = preSolution
		HideSolutionNode = FALSE
	EndGlobalSection
	GlobalSection(NestedProjects) = preSolution
		{BEDC0964-AA5F-AF8C-BF71-C117770E381B} = {827E0CD3-B72D-47B6-A68D-7590B98EB39B}
		{C59E4889-18D5-48A5-8C24-12C8AF2FC6C1} = {BEDC0964-AA5F-AF8C-BF71-C117770E381B}
		{C909823A-A827-2F53-8B86-CD5FE6001A57} = {827E0CD3-B72D-47B6-A68D-7590B98EB39B}
		{24D6567D-2AEC-4FE1-9CC5-C2140B49884A} = {C909823A-A827-2F53-8B86-CD5FE6001A57}
		{2EC0B7CE-9D15-C35F-6B34-D09C264BC127} = {827E0CD3-B72D-47B6-A68D-7590B98EB39B}
		{A4A01C7C-A256-47D0-B2C9-B77872465B27} = {2EC0B7CE-9D15-C35F-6B34-D09C264BC127}
		{AFC3BA92-5528-7DF7-4605-4C6170C83DF7} = {827E0CD3-B72D-47B6-A68D-7590B98EB39B}
		{59CCA6E1-856F-41B4-ABC7-0780D6701C59} = {AFC3BA92-5528-7DF7-4605-4C6170C83DF7}
		{3D1E1857-BA09-5FB8-8EB0-71E379B06884} = {827E0CD3-B72D-47B6-A68D-7590B98EB39B}
		{0D57D41A-2ECC-43CB-87FD-39AE368D4C82} = {3D1E1857-BA09-5FB8-8EB0-71E379B06884}
		{3F9A4516-7DD7-D9DA-AC1B-A480B84B574B} = {827E0CD3-B72D-47B6-A68D-7590B98EB39B}
		{57D6C129-489C-4EFF-9EED-707A6392AB3E} = {3F9A4516-7DD7-D9DA-AC1B-A480B84B574B}
		{855BC9F6-E30B-1DF2-9E4D-F2FE09DE9401} = {827E0CD3-B72D-47B6-A68D-7590B98EB39B}
		{B77DD7BF-C374-4994-B8AB-352D043BB619} = {855BC9F6-E30B-1DF2-9E4D-F2FE09DE9401}
		{F08D5921-FC0B-4B74-B81F-E105B3A2C8B5} = {827E0CD3-B72D-47B6-A68D-7590B98EB39B}
		{7DAFD980-AF24-36D6-5752-147B099F88DA} = {827E0CD3-B72D-47B6-A68D-7590B98EB39B}
		{D9571F51-8A5F-4365-99DC-2F3C492F50FC} = {7DAFD980-AF24-36D6-5752-147B099F88DA}
		{1C476067-9195-457C-B374-AB6575C6128F} = {0AB3BF05-4346-4AA6-1389-037BE0695223}
		{2DE8B07C-DF3C-4361-910F-450E1678DA74} = {0AB3BF05-4346-4AA6-1389-037BE0695223}
		{F0A51983-D276-4C3A-A207-C28D86A0DABC} = {827E0CD3-B72D-47B6-A68D-7590B98EB39B}
	EndGlobalSection
EndGlobal
